
Microsoft Visual Studio Solution File, Format Version 12.00
# Visual Studio 15
VisualStudioVersion = 15.0.27004.2010
MinimumVisualStudioVersion = 10.0.40219.1
Project("{FAE04EC0-301F-11D3-BF4B-00C04F79EFBC}") = "TaxAndDiscountApi", "TaxAndDiscountApi\TaxAndDiscountApi.csproj", "{021BAD63-1B92-4E03-ABFE-73945699092D}"
EndProject
Global
	GlobalSection(SolutionConfigurationPlatforms) = preSolution
		Debug|Any CPU = Debug|Any CPU
		Release|Any CPU = Release|Any CPU
	EndGlobalSection
	GlobalSection(ProjectConfigurationPlatforms) = postSolution
		{021BAD63-1B92-4E03-ABFE-73945699092D}.Debug|Any CPU.ActiveCfg = Debug|Any CPU
		{021BAD63-1B92-4E03-ABFE-73945699092D}.Debug|Any CPU.Build.0 = Debug|Any CPU
		{021BAD63-1B92-4E03-ABFE-73945699092D}.Release|Any CPU.ActiveCfg = Release|Any CPU
		{021BAD63-1B92-4E03-ABFE-73945699092D}.Release|Any CPU.Build.0 = Release|Any CPU
	EndGlobalSection
	GlobalSection(SolutionProperties) = preSolution
		HideSolutionNode = FALSE
	EndGlobalSection
	GlobalSection(ExtensibilityGlobals) = postSolution
		SolutionGuid = {AEB714F0-B1C2-46F3-9785-25FE24260BCC}
	EndGlobalSection
EndGlobal
